
Microsoft Visual Studio Solution File, Format Version 12.00
# Visual Studio Version 17
VisualStudioVersion = 17.14.36203.30 d17.14
MinimumVisualStudioVersion = 10.0.40219.1
Project("{FAE04EC0-301F-11D3-BF4B-00C04F79EFBC}") = "PeluqueriaApp", "PeluqueriaApp\PeluqueriaApp.csproj", "{32E7C9CD-1968-46E8-8F8C-578A6A1F2380}"
EndProject
Global
	GlobalSection(SolutionConfigurationPlatforms) = preSolution
		Debug|Any CPU = Debug|Any CPU
		Release|Any CPU = Release|Any CPU
	EndGlobalSection
	GlobalSection(ProjectConfigurationPlatforms) = postSolution
		{32E7C9CD-1968-46E8-8F8C-578A6A1F2380}.Debug|Any CPU.ActiveCfg = Debug|Any CPU
		{32E7C9CD-1968-46E8-8F8C-578A6A1F2380}.Debug|Any CPU.Build.0 = Debug|Any CPU
		{32E7C9CD-1968-46E8-8F8C-578A6A1F2380}.Release|Any CPU.ActiveCfg = Release|Any CPU
		{32E7C9CD-1968-46E8-8F8C-578A6A1F2380}.Release|Any CPU.Build.0 = Release|Any CPU
	EndGlobalSection
	GlobalSection(SolutionProperties) = preSolution
		HideSolutionNode = FALSE
	EndGlobalSection
	GlobalSection(ExtensibilityGlobals) = postSolution
		SolutionGuid = {FC542F6F-9979-452C-BC87-A84212F3AE45}
	EndGlobalSection
EndGlobal
